
Microsoft Visual Studio Solution File, Format Version 12.00
# Visual Studio Version 17
VisualStudioVersion = 17.2.32505.173
MinimumVisualStudioVersion = 10.0.40219.1
Project("{FAE04EC0-301F-11D3-BF4B-00C04F79EFBC}") = "MagicCardInventory", "MagicCardInventory.csproj", "{16ABD013-2862-42B7-BA33-FAE74BA38DCA}"
EndProject
Global
	GlobalSection(SolutionConfigurationPlatforms) = preSolution
		Debug|Any CPU = Debug|Any CPU
		Release|Any CPU = Release|Any CPU
	EndGlobalSection
	GlobalSection(ProjectConfigurationPlatforms) = postSolution
		{16ABD013-2862-42B7-BA33-FAE74BA38DCA}.Debug|Any CPU.ActiveCfg = Debug|Any CPU
		{16ABD013-2862-42B7-BA33-FAE74BA38DCA}.Debug|Any CPU.Build.0 = Debug|Any CPU
		{16ABD013-2862-42B7-BA33-FAE74BA38DCA}.Release|Any CPU.ActiveCfg = Release|Any CPU
		{16ABD013-2862-42B7-BA33-FAE74BA38DCA}.Release|Any CPU.Build.0 = Release|Any CPU
	EndGlobalSection
	GlobalSection(SolutionProperties) = preSolution
		HideSolutionNode = FALSE
	EndGlobalSection
	GlobalSection(ExtensibilityGlobals) = postSolution
		SolutionGuid = {1CD52CE6-9CA1-43CA-8613-503B2E5005BC}
	EndGlobalSection
EndGlobal
